{
  "name": "@mattwiebe/ai-connector-for-local-ai",
  "version": "0.2.0",
  "lockfileVersion": 3,
  "requires": true,
  "packages": {
    "": {
      "name": "@mattwiebe/ai-connector-for-local-ai",
      "version": "0.2.0",
      "license": "GPL-2.0-or-later",
      "bin": {
        "ai-connector-for-local-ai": "bin/ai-connector-for-local-ai.mjs",
        "wph": "bin/ai-connector-for-local-ai.mjs",
        "wphi": "bin/ai-connector-for-local-ai.mjs"
      },
      "engines": {
        "node": ">=20"
      }
    }
  }
}
