{
  "name": "@mattwiebe/ai-connector-for-local-ai",
  "version": "0.5.0",
  "lockfileVersion": 3,
  "requires": true,
  "packages": {
    "": {
      "name": "@mattwiebe/ai-connector-for-local-ai",
      "version": "0.5.0",
      "license": "GPL-2.0-or-later",
      "bin": {
        "laiproxy": "bin/mwlai-connector.mjs",
        "mwlai-connector": "bin/mwlai-connector.mjs"
      },
      "engines": {
        "node": ">=20"
      }
    }
  }
}
